<?xml version="1.0" encoding="utf-8"?>
<Project ToolsVersion="4.0" xmlns="http://schemas.microsoft.com/developer/msbuild/2003">
  <ItemGroup>
    <Filter Include="Source Files">
      <UniqueIdentifier>{4FC737F1-C7A5-4376-A066-2A32D752A2FF}</UniqueIdentifier>
      <Extensions>cpp;c;cc;cxx;def;odl;idl;hpj;bat;asm;asmx</Extensions>
    </Filter>
    <Filter Include="Header Files">
      <UniqueIdentifier>{93995380-89BD-4b04-88EB-625FBE52EBFB}</UniqueIdentifier>
      <Extensions>h;hh;hpp;hxx;hm;inl;inc;xsd</Extensions>
    </Filter>
    <Filter Include="Resource Files">
      <UniqueIdentifier>{67DA6AB6-F800-4c08-8B7A-83BB121AAD01}</UniqueIdentifier>
      <Extensions>rc;ico;cur;bmp;dlg;rc2;rct;bin;rgs;gif;jpg;jpeg;jpe;resx;tiff;tif;png;wav;mfcribbon-ms</Extensions>
    </Filter>
    <Filter Include="Shader Files">
      <UniqueIdentifier>{8076c443-1ae5-453f-9f2d-3261649eebbb}</UniqueIdentifier>
      <Extensions>frag;vert</Extensions>
    </Filter>
    <Filter Include="Header Files\gui">
      <UniqueIdentifier>{bf948d9e-72a6-4319-8081-ab663a76b400}</UniqueIdentifier>
    </Filter>
    <Filter Include="Header Files\net">
      <UniqueIdentifier>{b9087c7c-1fb0-44f2-bc23-5902be3e65fd}</UniqueIdentifier>
    </Filter>
    <Filter Include="Header Files\gfx">
      <UniqueIdentifier>{92410e59-71bc-44ac-971d-e938316c87f5}</UniqueIdentifier>
    </Filter>
    <Filter Include="Source Files\gfx">
      <UniqueIdentifier>{49cc6417-2719-4a7c-9ca2-ce19dcddcefa}</UniqueIdentifier>
    </Filter>
    <Filter Include="Source Files\net">
      <UniqueIdentifier>{533e4945-e09c-4df0-837c-219bd1573eae}</UniqueIdentifier>
    </Filter>
    <Filter Include="Source Files\gui">
      <UniqueIdentifier>{1d9fec60-f49d-40f2-a894-4927ce1f2052}</UniqueIdentifier>
    </Filter>
  </ItemGroup>
  <ItemGroup>
    <ClCompile Include="..\..\src\client\client.cpp">
      <Filter>Source Files</Filter>
    </ClCompile>
    <ClCompile Include="..\..\src\client\config.cpp">
      <Filter>Source Files</Filter>
    </ClCompile>
    <ClCompile Include="..\..\src\client\menu.cpp">
      <Filter>Source Files</Filter>
    </ClCompile>
    <ClCompile Include="..\..\src\client\gui\button.cpp">
      <Filter>Source Files\gui</Filter>
    </ClCompile>
    <ClCompile Include="..\..\src\client\gui\label.cpp">
      <Filter>Source Files\gui</Filter>
    </ClCompile>
    <ClCompile Include="..\..\src\client\gui\widget.cpp">
      <Filter>Source Files\gui</Filter>
    </ClCompile>
    <ClCompile Include="..\..\src\client\gui\frame.cpp">
      <Filter>Source Files\gui</Filter>
    </ClCompile>
    <ClCompile Include="..\..\src\client\local_server_interface.cpp">
      <Filter>Source Files\net</Filter>
    </ClCompile>
    <ClCompile Include="..\..\src\client\remote_server_interface.cpp">
      <Filter>Source Files\net</Filter>
    </ClCompile>
    <ClCompile Include="..\..\src\client\gl2_renderer.cpp">
      <Filter>Source Files\gfx</Filter>
    </ClCompile>
    <ClCompile Include="..\..\src\client\render_2.cpp">
      <Filter>Source Files\gfx</Filter>
    </ClCompile>
    <ClCompile Include="..\..\src\client\render_menu_2.cpp">
      <Filter>Source Files\gfx</Filter>
    </ClCompile>
    <ClCompile Include="..\..\src\client\texture_manager.cpp">
      <Filter>Source Files\gfx</Filter>
    </ClCompile>
    <ClCompile Include="..\..\src\client\chunk_renderer.cpp">
      <Filter>Source Files\gfx</Filter>
    </ClCompile>
    <ClCompile Include="..\..\src\client\gl3_renderer.cpp">
      <Filter>Source Files\gfx</Filter>
    </ClCompile>
    <ClCompile Include="..\..\src\client\shaders.cpp">
      <Filter>Source Files\gfx</Filter>
    </ClCompile>
    <ClCompile Include="..\..\src\client\graphics.cpp">
      <Filter>Source Files\gfx</Filter>
    </ClCompile>
    <ClCompile Include="..\..\src\client\bmfont.cpp">
      <Filter>Source Files</Filter>
    </ClCompile>
    <ClCompile Include="..\..\src\client\gl3_debug_renderer.cpp">
      <Filter>Source Files\gfx</Filter>
    </ClCompile>
    <ClCompile Include="..\..\src\client\gl3_menu_renderer.cpp">
      <Filter>Source Files\gfx</Filter>
    </ClCompile>
    <ClCompile Include="..\..\src\client\texture_loader.cpp">
      <Filter>Source Files\gfx</Filter>
    </ClCompile>
  </ItemGroup>
  <ItemGroup>
    <ClInclude Include="..\..\src\client\client.hpp">
      <Filter>Header Files</Filter>
    </ClInclude>
    <ClInclude Include="..\..\src\client\config.hpp">
      <Filter>Header Files</Filter>
    </ClInclude>
    <ClInclude Include="..\..\src\client\menu.hpp">
      <Filter>Header Files</Filter>
    </ClInclude>
    <ClInclude Include="..\..\src\client\gui\button.hpp">
      <Filter>Header Files\gui</Filter>
    </ClInclude>
    <ClInclude Include="..\..\src\client\gui\cycle_button.hpp">
      <Filter>Header Files\gui</Filter>
    </ClInclude>
    <ClInclude Include="..\..\src\client\gui\label.hpp">
      <Filter>Header Files\gui</Filter>
    </ClInclude>
    <ClInclude Include="..\..\src\client\gui\frame.hpp">
      <Filter>Header Files\gui</Filter>
    </ClInclude>
    <ClInclude Include="..\..\src\client\gui\widget.hpp">
      <Filter>Header Files\gui</Filter>
    </ClInclude>
    <ClInclude Include="..\..\src\client\server_interface.hpp">
      <Filter>Header Files\net</Filter>
    </ClInclude>
    <ClInclude Include="..\..\src\client\remote_server_interface.hpp">
      <Filter>Header Files\net</Filter>
    </ClInclude>
    <ClInclude Include="..\..\src\client\local_server_interface.hpp">
      <Filter>Header Files\net</Filter>
    </ClInclude>
    <ClInclude Include="..\..\src\client\gl2_renderer.hpp">
      <Filter>Header Files\gfx</Filter>
    </ClInclude>
    <ClInclude Include="..\..\src\client\texture_manager.hpp">
      <Filter>Header Files\gfx</Filter>
    </ClInclude>
    <ClInclude Include="..\..\src\client\gl3_renderer.hpp">
      <Filter>Header Files\gfx</Filter>
    </ClInclude>
    <ClInclude Include="..\..\src\client\chunk_renderer.hpp">
      <Filter>Header Files\gfx</Filter>
    </ClInclude>
    <ClInclude Include="..\..\src\client\shaders.hpp">
      <Filter>Header Files\gfx</Filter>
    </ClInclude>
    <ClInclude Include="..\..\src\client\renderer.hpp">
      <Filter>Header Files\gfx</Filter>
    </ClInclude>
    <ClInclude Include="..\..\src\client\graphics.hpp">
      <Filter>Header Files\gfx</Filter>
    </ClInclude>
    <ClInclude Include="..\..\src\client\bmfont.hpp">
      <Filter>Header Files</Filter>
    </ClInclude>
    <ClInclude Include="..\..\src\client\gl3_debug_renderer.hpp">
      <Filter>Header Files\gfx</Filter>
    </ClInclude>
    <ClInclude Include="..\..\src\client\gl3_menu_renderer.hpp">
      <Filter>Header Files\gfx</Filter>
    </ClInclude>
    <ClInclude Include="..\..\src\client\texture_loader.hpp">
      <Filter>Header Files\gfx</Filter>
    </ClInclude>
  </ItemGroup>
  <ItemGroup>
    <None Include="..\..\shaders\font.frag">
      <Filter>Shader Files</Filter>
    </None>
    <None Include="..\..\shaders\font.vert">
      <Filter>Shader Files</Filter>
    </None>
    <None Include="..\..\shaders\hud.frag">
      <Filter>Shader Files</Filter>
    </None>
    <None Include="..\..\shaders\hud.vert">
      <Filter>Shader Files</Filter>
    </None>
    <None Include="..\..\shaders\default.vert">
      <Filter>Shader Files</Filter>
    </None>
    <None Include="..\..\shaders\default.frag">
      <Filter>Shader Files</Filter>
    </None>
    <None Include="..\..\shaders\block.frag">
      <Filter>Shader Files</Filter>
    </None>
    <None Include="..\..\shaders\block.vert">
      <Filter>Shader Files</Filter>
    </None>
  </ItemGroup>
</Project>